
Microsoft Visual Studio Solution File, Format Version 12.00
# Visual Studio Version 16
VisualStudioVersion = 16.0.29102.190
MinimumVisualStudioVersion = 10.0.40219.1
Project("{FAE04EC0-301F-11D3-BF4B-00C04F79EFBC}") = "MyWebApplication", "MyWebApplication\MyWebApplication.csproj", "{CC819EED-3F81-42A0-9A79-7175DE2932A5}"
EndProject
Project("{FAE04EC0-301F-11D3-BF4B-00C04F79EFBC}") = "Models", "Models\Models.csproj", "{327FACEC-832F-40CC-B814-B7FA5894B05C}"
EndProject
Global
	GlobalSection(SolutionConfigurationPlatforms) = preSolution
		Debug|Any CPU = Debug|Any CPU
		Release|Any CPU = Release|Any CPU
	EndGlobalSection
	GlobalSection(ProjectConfigurationPlatforms) = postSolution
		{CC819EED-3F81-42A0-9A79-7175DE2932A5}.Debug|Any CPU.ActiveCfg = Debug|Any CPU
		{CC819EED-3F81-42A0-9A79-7175DE2932A5}.Debug|Any CPU.Build.0 = Debug|Any CPU
		{CC819EED-3F81-42A0-9A79-7175DE2932A5}.Release|Any CPU.ActiveCfg = Release|Any CPU
		{CC819EED-3F81-42A0-9A79-7175DE2932A5}.Release|Any CPU.Build.0 = Release|Any CPU
		{327FACEC-832F-40CC-B814-B7FA5894B05C}.Debug|Any CPU.ActiveCfg = Debug|Any CPU
		{327FACEC-832F-40CC-B814-B7FA5894B05C}.Debug|Any CPU.Build.0 = Debug|Any CPU
		{327FACEC-832F-40CC-B814-B7FA5894B05C}.Release|Any CPU.ActiveCfg = Release|Any CPU
		{327FACEC-832F-40CC-B814-B7FA5894B05C}.Release|Any CPU.Build.0 = Release|Any CPU
	EndGlobalSection
	GlobalSection(SolutionProperties) = preSolution
		HideSolutionNode = FALSE
	EndGlobalSection
	GlobalSection(ExtensibilityGlobals) = postSolution
		SolutionGuid = {C38FFA0F-4905-48E8-B954-DE0F4873B7AD}
	EndGlobalSection
EndGlobal
